// !$*UTF8*$!
{
	archiveVersion = 1;
	classes = {
	};
	objectVersion = 50;
	objects = {

/* Begin PBXBuildFile section */
		AD568A1521BA56260023181E /* AppDelegate.swift in Sources */ = {isa = PBXBuildFile; fileRef = AD568A1421BA56260023181E /* AppDelegate.swift */; };
		AD568A1721BA56260023181E /* MainController.swift in Sources */ = {isa = PBXBuildFile; fileRef = AD568A1621BA56260023181E /* MainController.swift */; };
		AD568A1A21BA56260023181E /* Main.storyboard in Resources */ = {isa = PBXBuildFile; fileRef = AD568A1821BA56260023181E /* Main.storyboard */; };
		AD568A1D21BA56260023181E /* Test.xcdatamodeld in Sources */ = {isa = PBXBuildFile; fileRef = AD568A1B21BA56260023181E /* Test.xcdatamodeld */; };
		AD568A1F21BA56270023181E /* Assets.xcassets in Resources */ = {isa = PBXBuildFile; fileRef = AD568A1E21BA56270023181E /* Assets.xcassets */; };
		AD568A2221BA56270023181E /* LaunchScreen.storyboard in Resources */ = {isa = PBXBuildFile; fileRef = AD568A2021BA56270023181E /* LaunchScreen.storyboard */; };
		AD568A2D21BA56270023181E /* TestTests.swift in Sources */ = {isa = PBXBuildFile; fileRef = AD568A2C21BA56270023181E /* TestTests.swift */; };
		AD568A3821BA56270023181E /* TestUITests.swift in Sources */ = {isa = PBXBuildFile; fileRef = AD568A3721BA56270023181E /* TestUITests.swift */; };
		AD568A4621BA63A10023181E /* AutoDismissKeyboardView.swift in Sources */ = {isa = PBXBuildFile; fileRef = AD568A4521BA63A10023181E /* AutoDismissKeyboardView.swift */; };
		AD568A4821BA66BD0023181E /* DetailController.swift in Sources */ = {isa = PBXBuildFile; fileRef = AD568A4721BA66BD0023181E /* DetailController.swift */; };
		AD568A4A21BA6BC50023181E /* Triangle.swift in Sources */ = {isa = PBXBuildFile; fileRef = AD568A4921BA6BC50023181E /* Triangle.swift */; };
/* End PBXBuildFile section */

/* Begin PBXContainerItemProxy section */
		AD568A2921BA56270023181E /* PBXContainerItemProxy */ = {
			isa = PBXContainerItemProxy;
			containerPortal = AD568A0921BA56260023181E /* Project object */;
			proxyType = 1;
			remoteGlobalIDString = AD568A1021BA56260023181E;
			remoteInfo = Test;
		};
		AD568A3421BA56270023181E /* PBXContainerItemProxy */ = {
			isa = PBXContainerItemProxy;
			containerPortal = AD568A0921BA56260023181E /* Project object */;
			proxyType = 1;
			remoteGlobalIDString = AD568A1021BA56260023181E;
			remoteInfo = Test;
		};
/* End PBXContainerItemProxy section */

/* Begin PBXFileReference section */
		AD568A1121BA56260023181E /* Test.app */ = {isa = PBXFileReference; explicitFileType = wrapper.application; includeInIndex = 0; path = Test.app; sourceTree = BUILT_PRODUCTS_DIR; };
		AD568A1421BA56260023181E /* AppDelegate.swift */ = {isa = PBXFileReference; lastKnownFileType = sourcecode.swift; path = AppDelegate.swift; sourceTree = "<group>"; };
		AD568A1621BA56260023181E /* MainController.swift */ = {isa = PBXFileReference; lastKnownFileType = sourcecode.swift; path = MainController.swift; sourceTree = "<group>"; };
		AD568A1921BA56260023181E /* Base */ = {isa = PBXFileReference; lastKnownFileType = file.storyboard; name = Base; path = Base.lproj/Main.storyboard; sourceTree = "<group>"; };
		AD568A1C21BA56260023181E /* Test.xcdatamodel */ = {isa = PBXFileReference; lastKnownFileType = wrapper.xcdatamodel; path = Test.xcdatamodel; sourceTree = "<group>"; };
		AD568A1E21BA56270023181E /* Assets.xcassets */ = {isa = PBXFileReference; lastKnownFileType = folder.assetcatalog; path = Assets.xcassets; sourceTree = "<group>"; };
		AD568A2121BA56270023181E /* Base */ = {isa = PBXFileReference; lastKnownFileType = file.storyboard; name = Base; path = Base.lproj/LaunchScreen.storyboard; sourceTree = "<group>"; };
		AD568A2321BA56270023181E /* Info.plist */ = {isa = PBXFileReference; lastKnownFileType = text.plist.xml; path = Info.plist; sourceTree = "<group>"; };
		AD568A2821BA56270023181E /* TestTests.xctest */ = {isa = PBXFileReference; explicitFileType = wrapper.cfbundle; includeInIndex = 0; path = TestTests.xctest; sourceTree = BUILT_PRODUCTS_DIR; };
		AD568A2C21BA56270023181E /* TestTests.swift */ = {isa = PBXFileReference; lastKnownFileType = sourcecode.swift; path = TestTests.swift; sourceTree = "<group>"; };
		AD568A2E21BA56270023181E /* Info.plist */ = {isa = PBXFileReference; lastKnownFileType = text.plist.xml; path = Info.plist; sourceTree = "<group>"; };
		AD568A3321BA56270023181E /* TestUITests.xctest */ = {isa = PBXFileReference; explicitFileType = wrapper.cfbundle; includeInIndex = 0; path = TestUITests.xctest; sourceTree = BUILT_PRODUCTS_DIR; };
		AD568A3721BA56270023181E /* TestUITests.swift */ = {isa = PBXFileReference; lastKnownFileType = sourcecode.swift; path = TestUITests.swift; sourceTree = "<group>"; };
		AD568A3921BA56270023181E /* Info.plist */ = {isa = PBXFileReference; lastKnownFileType = text.plist.xml; path = Info.plist; sourceTree = "<group>"; };
		AD568A4521BA63A10023181E /* AutoDismissKeyboardView.swift */ = {isa = PBXFileReference; lastKnownFileType = sourcecode.swift; path = AutoDismissKeyboardView.swift; sourceTree = "<group>"; };
		AD568A4721BA66BD0023181E /* DetailController.swift */ = {isa = PBXFileReference; lastKnownFileType = sourcecode.swift; path = DetailController.swift; sourceTree = "<group>"; };
		AD568A4921BA6BC50023181E /* Triangle.swift */ = {isa = PBXFileReference; lastKnownFileType = sourcecode.swift; path = Triangle.swift; sourceTree = "<group>"; };
/* End PBXFileReference section */

/* Begin PBXFrameworksBuildPhase section */
		AD568A0E21BA56260023181E /* Frameworks */ = {
			isa = PBXFrameworksBuildPhase;
			buildActionMask = 2147483647;
			files = (
			);
			runOnlyForDeploymentPostprocessing = 0;
		};
		AD568A2521BA56270023181E /* Frameworks */ = {
			isa = PBXFrameworksBuildPhase;
			buildActionMask = 2147483647;
			files = (
			);
			runOnlyForDeploymentPostprocessing = 0;
		};
		AD568A3021BA56270023181E /* Frameworks */ = {
			isa = PBXFrameworksBuildPhase;
			buildActionMask = 2147483647;
			files = (
			);
			runOnlyForDeploymentPostprocessing = 0;
		};
/* End PBXFrameworksBuildPhase section */

/* Begin PBXGroup section */
		AD568A0821BA56260023181E = {
			isa = PBXGroup;
			children = (
				AD568A1321BA56260023181E /* Test */,
				AD568A2B21BA56270023181E /* TestTests */,
				AD568A3621BA56270023181E /* TestUITests */,
				AD568A1221BA56260023181E /* Products */,
			);
			sourceTree = "<group>";
		};
		AD568A1221BA56260023181E /* Products */ = {
			isa = PBXGroup;
			children = (
				AD568A1121BA56260023181E /* Test.app */,
				AD568A2821BA56270023181E /* TestTests.xctest */,
				AD568A3321BA56270023181E /* TestUITests.xctest */,
			);
			name = Products;
			sourceTree = "<group>";
		};
		AD568A1321BA56260023181E /* Test */ = {
			isa = PBXGroup;
			children = (
				AD568A1421BA56260023181E /* AppDelegate.swift */,
				AD568A1621BA56260023181E /* MainController.swift */,
				AD568A4921BA6BC50023181E /* Triangle.swift */,
				AD568A4721BA66BD0023181E /* DetailController.swift */,
				AD568A4521BA63A10023181E /* AutoDismissKeyboardView.swift */,
				AD568A1821BA56260023181E /* Main.storyboard */,
				AD568A1E21BA56270023181E /* Assets.xcassets */,
				AD568A2021BA56270023181E /* LaunchScreen.storyboard */,
				AD568A2321BA56270023181E /* Info.plist */,
				AD568A1B21BA56260023181E /* Test.xcdatamodeld */,
			);
			path = Test;
			sourceTree = "<group>";
		};
		AD568A2B21BA56270023181E /* TestTests */ = {
			isa = PBXGroup;
			children = (
				AD568A2C21BA56270023181E /* TestTests.swift */,
				AD568A2E21BA56270023181E /* Info.plist */,
			);
			path = TestTests;
			sourceTree = "<group>";
		};
		AD568A3621BA56270023181E /* TestUITests */ = {
			isa = PBXGroup;
			children = (
				AD568A3721BA56270023181E /* TestUITests.swift */,
				AD568A3921BA56270023181E /* Info.plist */,
			);
			path = TestUITests;
			sourceTree = "<group>";
		};
/* End PBXGroup section */

/* Begin PBXNativeTarget section */
		AD568A1021BA56260023181E /* Test */ = {
			isa = PBXNativeTarget;
			buildConfigurationList = AD568A3C21BA56270023181E /* Build configuration list for PBXNativeTarget "Test" */;
			buildPhases = (
				AD568A0D21BA56260023181E /* Sources */,
				AD568A0E21BA56260023181E /* Frameworks */,
				AD568A0F21BA56260023181E /* Resources */,
			);
			buildRules = (
			);
			dependencies = (
			);
			name = Test;
			productName = Test;
			productReference = AD568A1121BA56260023181E /* Test.app */;
			productType = "com.apple.product-type.application";
		};
		AD568A2721BA56270023181E /* TestTests */ = {
			isa = PBXNativeTarget;
			buildConfigurationList = AD568A3F21BA56270023181E /* Build configuration list for PBXNativeTarget "TestTests" */;
			buildPhases = (
				AD568A2421BA56270023181E /* Sources */,
				AD568A2521BA56270023181E /* Frameworks */,
				AD568A2621BA56270023181E /* Resources */,
			);
			buildRules = (
			);
			dependencies = (
				AD568A2A21BA56270023181E /* PBXTargetDependency */,
			);
			name = TestTests;
			productName = TestTests;
			productReference = AD568A2821BA56270023181E /* TestTests.xctest */;
			productType = "com.apple.product-type.bundle.unit-test";
		};
		AD568A3221BA56270023181E /* TestUITests */ = {
			isa = PBXNativeTarget;
			buildConfigurationList = AD568A4221BA56270023181E /* Build configuration list for PBXNativeTarget "TestUITests" */;
			buildPhases = (
				AD568A2F21BA56270023181E /* Sources */,
				AD568A3021BA56270023181E /* Frameworks */,
				AD568A3121BA56270023181E /* Resources */,
			);
			buildRules = (
			);
			dependencies = (
				AD568A3521BA56270023181E /* PBXTargetDependency */,
			);
			name = TestUITests;
			productName = TestUITests;
			productReference = AD568A3321BA56270023181E /* TestUITests.xctest */;
			productType = "com.apple.product-type.bundle.ui-testing";
		};
/* End PBXNativeTarget section */

/* Begin PBXProject section */
		AD568A0921BA56260023181E /* Project object */ = {
			isa = PBXProject;
			attributes = {
				LastSwiftUpdateCheck = 1010;
				LastUpgradeCheck = 1010;
				ORGANIZATIONNAME = "Genesis Mobile";
				TargetAttributes = {
					AD568A1021BA56260023181E = {
						CreatedOnToolsVersion = 10.1;
					};
					AD568A2721BA56270023181E = {
						CreatedOnToolsVersion = 10.1;
						TestTargetID = AD568A1021BA56260023181E;
					};
					AD568A3221BA56270023181E = {
						CreatedOnToolsVersion = 10.1;
						TestTargetID = AD568A1021BA56260023181E;
					};
				};
			};
			buildConfigurationList = AD568A0C21BA56260023181E /* Build configuration list for PBXProject "Test" */;
			compatibilityVersion = "Xcode 9.3";
			developmentRegion = en;
			hasScannedForEncodings = 0;
			knownRegions = (
				en,
				Base,
			);
			mainGroup = AD568A0821BA56260023181E;
			productRefGroup = AD568A1221BA56260023181E /* Products */;
			projectDirPath = "";
			projectRoot = "";
			targets = (
				AD568A1021BA56260023181E /* Test */,
				AD568A2721BA56270023181E /* TestTests */,
				AD568A3221BA56270023181E /* TestUITests */,
			);
		};
/* End PBXProject section */

/* Begin PBXResourcesBuildPhase section */
		AD568A0F21BA56260023181E /* Resources */ = {
			isa = PBXResourcesBuildPhase;
			buildActionMask = 2147483647;
			files = (
				AD568A2221BA56270023181E /* LaunchScreen.storyboard in Resources */,
				AD568A1F21BA56270023181E /* Assets.xcassets in Resources */,
				AD568A1A21BA56260023181E /* Main.storyboard in Resources */,
			);
			runOnlyForDeploymentPostprocessing = 0;
		};
		AD568A2621BA56270023181E /* Resources */ = {
			isa = PBXResourcesBuildPhase;
			buildActionMask = 2147483647;
			files = (
			);
			runOnlyForDeploymentPostprocessing = 0;
		};
		AD568A3121BA56270023181E /* Resources */ = {
			isa = PBXResourcesBuildPhase;
			buildActionMask = 2147483647;
			files = (
			);
			runOnlyForDeploymentPostprocessing = 0;
		};
/* End PBXResourcesBuildPhase section */

/* Begin PBXSourcesBuildPhase section */
		AD568A0D21BA56260023181E /* Sources */ = {
			isa = PBXSourcesBuildPhase;
			buildActionMask = 2147483647;
			files = (
				AD568A1721BA56260023181E /* MainController.swift in Sources */,
				AD568A4A21BA6BC50023181E /* Triangle.swift in Sources */,
				AD568A4621BA63A10023181E /* AutoDismissKeyboardView.swift in Sources */,
				AD568A1521BA56260023181E /* AppDelegate.swift in Sources */,
				AD568A4821BA66BD0023181E /* DetailController.swift in Sources */,
				AD568A1D21BA56260023181E /* Test.xcdatamodeld in Sources */,
			);
			runOnlyForDeploymentPostprocessing = 0;
		};
		AD568A2421BA56270023181E /* Sources */ = {
			isa = PBXSourcesBuildPhase;
			buildActionMask = 2147483647;
			files = (
				AD568A2D21BA56270023181E /* TestTests.swift in Sources */,
			);
			runOnlyForDeploymentPostprocessing = 0;
		};
		AD568A2F21BA56270023181E /* Sources */ = {
			isa = PBXSourcesBuildPhase;
			buildActionMask = 2147483647;
			files = (
				AD568A3821BA56270023181E /* TestUITests.swift in Sources */,
			);
			runOnlyForDeploymentPostprocessing = 0;
		};
/* End PBXSourcesBuildPhase section */

/* Begin PBXTargetDependency section */
		AD568A2A21BA56270023181E /* PBXTargetDependency */ = {
			isa = PBXTargetDependency;
			target = AD568A1021BA56260023181E /* Test */;
			targetProxy = AD568A2921BA56270023181E /* PBXContainerItemProxy */;
		};
		AD568A3521BA56270023181E /* PBXTargetDependency */ = {
			isa = PBXTargetDependency;
			target = AD568A1021BA56260023181E /* Test */;
			targetProxy = AD568A3421BA56270023181E /* PBXContainerItemProxy */;
		};
/* End PBXTargetDependency section */

/* Begin PBXVariantGroup section */
		AD568A1821BA56260023181E /* Main.storyboard */ = {
			isa = PBXVariantGroup;
			children = (
				AD568A1921BA56260023181E /* Base */,
			);
			name = Main.storyboard;
			sourceTree = "<group>";
		};
		AD568A2021BA56270023181E /* LaunchScreen.storyboard */ = {
			isa = PBXVariantGroup;
			children = (
				AD568A2121BA56270023181E /* Base */,
			);
			name = LaunchScreen.storyboard;
			sourceTree = "<group>";
		};
/* End PBXVariantGroup section */

/* Begin XCBuildConfiguration section */
		AD568A3A21BA56270023181E /* Debug */ = {
			isa = XCBuildConfiguration;
			buildSettings = {
				ALWAYS_SEARCH_USER_PATHS = NO;
				CLANG_ANALYZER_NONNULL = YES;
				CLANG_ANALYZER_NUMBER_OBJECT_CONVERSION = YES_AGGRESSIVE;
				CLANG_CXX_LANGUAGE_STANDARD = "gnu++14";
				CLANG_CXX_LIBRARY = "libc++";
				CLANG_ENABLE_MODULES = YES;
				CLANG_ENABLE_OBJC_ARC = YES;
				CLANG_ENABLE_OBJC_WEAK = YES;
				CLANG_WARN_BLOCK_CAPTURE_AUTORELEASING = YES;
				CLANG_WARN_BOOL_CONVERSION = YES;
				CLANG_WARN_COMMA = YES;
				CLANG_WARN_CONSTANT_CONVERSION = YES;
				CLANG_WARN_DEPRECATED_OBJC_IMPLEMENTATIONS = YES;
				CLANG_WARN_DIRECT_OBJC_ISA_USAGE = YES_ERROR;
				CLANG_WARN_DOCUMENTATION_COMMENTS = YES;
				CLANG_WARN_EMPTY_BODY = YES;
				CLANG_WARN_ENUM_CONVERSION = YES;
				CLANG_WARN_INFINITE_RECURSION = YES;
				CLANG_WARN_INT_CONVERSION = YES;
				CLANG_WARN_NON_LITERAL_NULL_CONVERSION = YES;
				CLANG_WARN_OBJC_IMPLICIT_RETAIN_SELF = YES;
				CLANG_WARN_OBJC_LITERAL_CONVERSION = YES;
				CLANG_WARN_OBJC_ROOT_CLASS = YES_ERROR;
				CLANG_WARN_RANGE_LOOP_ANALYSIS = YES;
				CLANG_WARN_STRICT_PROTOTYPES = YES;
				CLANG_WARN_SUSPICIOUS_MOVE = YES;
				CLANG_WARN_UNGUARDED_AVAILABILITY = YES_AGGRESSIVE;
				CLANG_WARN_UNREACHABLE_CODE = YES;
				CLANG_WARN__DUPLICATE_METHOD_MATCH = YES;
				CODE_SIGN_IDENTITY = "iPhone Developer";
				COPY_PHASE_STRIP = NO;
				DEBUG_INFORMATION_FORMAT = dwarf;
				ENABLE_STRICT_OBJC_MSGSEND = YES;
				ENABLE_TESTABILITY = YES;
				GCC_C_LANGUAGE_STANDARD = gnu11;
				GCC_DYNAMIC_NO_PIC = NO;
				GCC_NO_COMMON_BLOCKS = YES;
				GCC_OPTIMIZATION_LEVEL = 0;
				GCC_PREPROCESSOR_DEFINITIONS = (
					"DEBUG=1",
					"$(inherited)",
				);
				GCC_WARN_64_TO_32_BIT_CONVERSION = YES;
				GCC_WARN_ABOUT_RETURN_TYPE = YES_ERROR;
				GCC_WARN_UNDECLARED_SELECTOR = YES;
				GCC_WARN_UNINITIALIZED_AUTOS = YES_AGGRESSIVE;
				GCC_WARN_UNUSED_FUNCTION = YES;
				GCC_WARN_UNUSED_VARIABLE = YES;
				IPHONEOS_DEPLOYMENT_TARGET = 12.1;
				MTL_ENABLE_DEBUG_INFO = INCLUDE_SOURCE;
				MTL_FAST_MATH = YES;
				ONLY_ACTIVE_ARCH = YES;
				SDKROOT = iphoneos;
				SWIFT_ACTIVE_COMPILATION_CONDITIONS = DEBUG;
				SWIFT_OPTIMIZATION_LEVEL = "-Onone";
			};
			name = Debug;
		};
		AD568A3B21BA56270023181E /* Release */ = {
			isa = XCBuildConfiguration;
			buildSettings = {
				ALWAYS_SEARCH_USER_PATHS = NO;
				CLANG_ANALYZER_NONNULL = YES;
				CLANG_ANALYZER_NUMBER_OBJECT_CONVERSION = YES_AGGRESSIVE;
				CLANG_CXX_LANGUAGE_STANDARD = "gnu++14";
				CLANG_CXX_LIBRARY = "libc++";
				CLANG_ENABLE_MODULES = YES;
				CLANG_ENABLE_OBJC_ARC = YES;
				CLANG_ENABLE_OBJC_WEAK = YES;
				CLANG_WARN_BLOCK_CAPTURE_AUTORELEASING = YES;
				CLANG_WARN_BOOL_CONVERSION = YES;
				CLANG_WARN_COMMA = YES;
				CLANG_WARN_CONSTANT_CONVERSION = YES;
				CLANG_WARN_DEPRECATED_OBJC_IMPLEMENTATIONS = YES;
				CLANG_WARN_DIRECT_OBJC_ISA_USAGE = YES_ERROR;
				CLANG_WARN_DOCUMENTATION_COMMENTS = YES;
				CLANG_WARN_EMPTY_BODY = YES;
				CLANG_WARN_ENUM_CONVERSION = YES;
				CLANG_WARN_INFINITE_RECURSION = YES;
				CLANG_WARN_INT_CONVERSION = YES;
				CLANG_WARN_NON_LITERAL_NULL_CONVERSION = YES;
				CLANG_WARN_OBJC_IMPLICIT_RETAIN_SELF = YES;
				CLANG_WARN_OBJC_LITERAL_CONVERSION = YES;
				CLANG_WARN_OBJC_ROOT_CLASS = YES_ERROR;
				CLANG_WARN_RANGE_LOOP_ANALYSIS = YES;
				CLANG_WARN_STRICT_PROTOTYPES = YES;
				CLANG_WARN_SUSPICIOUS_MOVE = YES;
				CLANG_WARN_UNGUARDED_AVAILABILITY = YES_AGGRESSIVE;
				CLANG_WARN_UNREACHABLE_CODE = YES;
				CLANG_WARN__DUPLICATE_METHOD_MATCH = YES;
				CODE_SIGN_IDENTITY = "iPhone Developer";
				COPY_PHASE_STRIP = NO;
				DEBUG_INFORMATION_FORMAT = "dwarf-with-dsym";
				ENABLE_NS_ASSERTIONS = NO;
				ENABLE_STRICT_OBJC_MSGSEND = YES;
				GCC_C_LANGUAGE_STANDARD = gnu11;
				GCC_NO_COMMON_BLOCKS = YES;
				GCC_WARN_64_TO_32_BIT_CONVERSION = YES;
				GCC_WARN_ABOUT_RETURN_TYPE = YES_ERROR;
				GCC_WARN_UNDECLARED_SELECTOR = YES;
				GCC_WARN_UNINITIALIZED_AUTOS = YES_AGGRESSIVE;
				GCC_WARN_UNUSED_FUNCTION = YES;
				GCC_WARN_UNUSED_VARIABLE = YES;
				IPHONEOS_DEPLOYMENT_TARGET = 12.1;
				MTL_ENABLE_DEBUG_INFO = NO;
				MTL_FAST_MATH = YES;
				SDKROOT = iphoneos;
				SWIFT_COMPILATION_MODE = wholemodule;
				SWIFT_OPTIMIZATION_LEVEL = "-O";
				VALIDATE_PRODUCT = YES;
			};
			name = Release;
		};
		AD568A3D21BA56270023181E /* Debug */ = {
			isa = XCBuildConfiguration;
			buildSettings = {
				ASSETCATALOG_COMPILER_APPICON_NAME = AppIcon;
				CODE_SIGN_STYLE = Automatic;
				DEVELOPMENT_TEAM = D7765T93MS;
				INFOPLIST_FILE = Test/Info.plist;
				LD_RUNPATH_SEARCH_PATHS = (
					"$(inherited)",
					"@executable_path/Frameworks",
				);
				PRODUCT_BUNDLE_IDENTIFIER = com.genesismobile.Test;
				PRODUCT_NAME = "$(TARGET_NAME)";
				SWIFT_VERSION = 4.2;
				TARGETED_DEVICE_FAMILY = "1,2";
			};
			name = Debug;
		};
		AD568A3E21BA56270023181E /* Release */ = {
			isa = XCBuildConfiguration;
			buildSettings = {
				ASSETCATALOG_COMPILER_APPICON_NAME = AppIcon;
				CODE_SIGN_STYLE = Automatic;
				DEVELOPMENT_TEAM = D7765T93MS;
				INFOPLIST_FILE = Test/Info.plist;
				LD_RUNPATH_SEARCH_PATHS = (
					"$(inherited)",
					"@executable_path/Frameworks",
				);
				PRODUCT_BUNDLE_IDENTIFIER = com.genesismobile.Test;
				PRODUCT_NAME = "$(TARGET_NAME)";
				SWIFT_VERSION = 4.2;
				TARGETED_DEVICE_FAMILY = "1,2";
			};
			name = Release;
		};
		AD568A4021BA56270023181E /* Debug */ = {
			isa = XCBuildConfiguration;
			buildSettings = {
				ALWAYS_EMBED_SWIFT_STANDARD_LIBRARIES = YES;
				BUNDLE_LOADER = "$(TEST_HOST)";
				CODE_SIGN_STYLE = Automatic;
				DEVELOPMENT_TEAM = D7765T93MS;
				INFOPLIST_FILE = TestTests/Info.plist;
				LD_RUNPATH_SEARCH_PATHS = (
					"$(inherited)",
					"@executable_path/Frameworks",
					"@loader_path/Frameworks",
				);
				PRODUCT_BUNDLE_IDENTIFIER = com.genesismobile.TestTests;
				PRODUCT_NAME = "$(TARGET_NAME)";
				SWIFT_VERSION = 4.2;
				TARGETED_DEVICE_FAMILY = "1,2";
				TEST_HOST = "$(BUILT_PRODUCTS_DIR)/Test.app/Test";
			};
			name = Debug;
		};
		AD568A4121BA56270023181E /* Release */ = {
			isa = XCBuildConfiguration;
			buildSettings = {
				ALWAYS_EMBED_SWIFT_STANDARD_LIBRARIES = YES;
				BUNDLE_LOADER = "$(TEST_HOST)";
				CODE_SIGN_STYLE = Automatic;
				DEVELOPMENT_TEAM = D7765T93MS;
				INFOPLIST_FILE = TestTests/Info.plist;
				LD_RUNPATH_SEARCH_PATHS = (
					"$(inherited)",
					"@executable_path/Frameworks",
					"@loader_path/Frameworks",
				);
				PRODUCT_BUNDLE_IDENTIFIER = com.genesismobile.TestTests;
				PRODUCT_NAME = "$(TARGET_NAME)";
				SWIFT_VERSION = 4.2;
				TARGETED_DEVICE_FAMILY = "1,2";
				TEST_HOST = "$(BUILT_PRODUCTS_DIR)/Test.app/Test";
			};
			name = Release;
		};
		AD568A4321BA56270023181E /* Debug */ = {
			isa = XCBuildConfiguration;
			buildSettings = {
				ALWAYS_EMBED_SWIFT_STANDARD_LIBRARIES = YES;
				CODE_SIGN_STYLE = Automatic;
				DEVELOPMENT_TEAM = D7765T93MS;
				INFOPLIST_FILE = TestUITests/Info.plist;
				LD_RUNPATH_SEARCH_PATHS = (
					"$(inherited)",
					"@executable_path/Frameworks",
					"@loader_path/Frameworks",
				);
				PRODUCT_BUNDLE_IDENTIFIER = com.genesismobile.TestUITests;
				PRODUCT_NAME = "$(TARGET_NAME)";
				SWIFT_VERSION = 4.2;
				TARGETED_DEVICE_FAMILY = "1,2";
				TEST_TARGET_NAME = Test;
			};
			name = Debug;
		};
		AD568A4421BA56270023181E /* Release */ = {
			isa = XCBuildConfiguration;
			buildSettings = {
				ALWAYS_EMBED_SWIFT_STANDARD_LIBRARIES = YES;
				CODE_SIGN_STYLE = Automatic;
				DEVELOPMENT_TEAM = D7765T93MS;
				INFOPLIST_FILE = TestUITests/Info.plist;
				LD_RUNPATH_SEARCH_PATHS = (
					"$(inherited)",
					"@executable_path/Frameworks",
					"@loader_path/Frameworks",
				);
				PRODUCT_BUNDLE_IDENTIFIER = com.genesismobile.TestUITests;
				PRODUCT_NAME = "$(TARGET_NAME)";
				SWIFT_VERSION = 4.2;
				TARGETED_DEVICE_FAMILY = "1,2";
				TEST_TARGET_NAME = Test;
			};
			name = Release;
		};
/* End XCBuildConfiguration section */

/* Begin XCConfigurationList section */
		AD568A0C21BA56260023181E /* Build configuration list for PBXProject "Test" */ = {
			isa = XCConfigurationList;
			buildConfigurations = (
				AD568A3A21BA56270023181E /* Debug */,
				AD568A3B21BA56270023181E /* Release */,
			);
			defaultConfigurationIsVisible = 0;
			defaultConfigurationName = Release;
		};
		AD568A3C21BA56270023181E /* Build configuration list for PBXNativeTarget "Test" */ = {
			isa = XCConfigurationList;
			buildConfigurations = (
				AD568A3D21BA56270023181E /* Debug */,
				AD568A3E21BA56270023181E /* Release */,
			);
			defaultConfigurationIsVisible = 0;
			defaultConfigurationName = Release;
		};
		AD568A3F21BA56270023181E /* Build configuration list for PBXNativeTarget "TestTests" */ = {
			isa = XCConfigurationList;
			buildConfigurations = (
				AD568A4021BA56270023181E /* Debug */,
				AD568A4121BA56270023181E /* Release */,
			);
			defaultConfigurationIsVisible = 0;
			defaultConfigurationName = Release;
		};
		AD568A4221BA56270023181E /* Build configuration list for PBXNativeTarget "TestUITests" */ = {
			isa = XCConfigurationList;
			buildConfigurations = (
				AD568A4321BA56270023181E /* Debug */,
				AD568A4421BA56270023181E /* Release */,
			);
			defaultConfigurationIsVisible = 0;
			defaultConfigurationName = Release;
		};
/* End XCConfigurationList section */

/* Begin XCVersionGroup section */
		AD568A1B21BA56260023181E /* Test.xcdatamodeld */ = {
			isa = XCVersionGroup;
			children = (
				AD568A1C21BA56260023181E /* Test.xcdatamodel */,
			);
			currentVersion = AD568A1C21BA56260023181E /* Test.xcdatamodel */;
			path = Test.xcdatamodeld;
			sourceTree = "<group>";
			versionGroupType = wrapper.xcdatamodel;
		};
/* End XCVersionGroup section */
	};
	rootObject = AD568A0921BA56260023181E /* Project object */;
}
